
Microsoft Visual Studio Solution File, Format Version 12.00
# Visual Studio Version 17
VisualStudioVersion = 17.4.33205.214
MinimumVisualStudioVersion = 10.0.40219.1
Project("{FAE04EC0-301F-11D3-BF4B-00C04F79EFBC}") = "SimpleTrader.Domain", "SimpleTrader.Domain\SimpleTrader.Domain.csproj", "{07060200-7A36-46B5-AFEA-B536E2B1FBF5}"
EndProject
Global
	GlobalSection(SolutionConfigurationPlatforms) = preSolution
		Debug|Any CPU = Debug|Any CPU
		Release|Any CPU = Release|Any CPU
	EndGlobalSection
	GlobalSection(ProjectConfigurationPlatforms) = postSolution
		{07060200-7A36-46B5-AFEA-B536E2B1FBF5}.Debug|Any CPU.ActiveCfg = Debug|Any CPU
		{07060200-7A36-46B5-AFEA-B536E2B1FBF5}.Debug|Any CPU.Build.0 = Debug|Any CPU
		{07060200-7A36-46B5-AFEA-B536E2B1FBF5}.Release|Any CPU.ActiveCfg = Release|Any CPU
		{07060200-7A36-46B5-AFEA-B536E2B1FBF5}.Release|Any CPU.Build.0 = Release|Any CPU
	EndGlobalSection
	GlobalSection(SolutionProperties) = preSolution
		HideSolutionNode = FALSE
	EndGlobalSection
	GlobalSection(ExtensibilityGlobals) = postSolution
		SolutionGuid = {B390A3F5-702A-473C-AAF6-9D53A4CE60EA}
	EndGlobalSection
EndGlobal
